
Microsoft Visual Studio Solution File, Format Version 12.00
# Visual Studio 15
VisualStudioVersion = 15.0.28307.438
MinimumVisualStudioVersion = 10.0.40219.1
Project("{FAE04EC0-301F-11D3-BF4B-00C04F79EFBC}") = "EmployeeRoster", "EmployeeRoster\EmployeeRoster.csproj", "{1F74F01F-D980-41D6-8BBF-9B573378DED6}"
EndProject
Global
	GlobalSection(SolutionConfigurationPlatforms) = preSolution
		Debug|Any CPU = Debug|Any CPU
		Release|Any CPU = Release|Any CPU
	EndGlobalSection
	GlobalSection(ProjectConfigurationPlatforms) = postSolution
		{1F74F01F-D980-41D6-8BBF-9B573378DED6}.Debug|Any CPU.ActiveCfg = Debug|Any CPU
		{1F74F01F-D980-41D6-8BBF-9B573378DED6}.Debug|Any CPU.Build.0 = Debug|Any CPU
		{1F74F01F-D980-41D6-8BBF-9B573378DED6}.Release|Any CPU.ActiveCfg = Release|Any CPU
		{1F74F01F-D980-41D6-8BBF-9B573378DED6}.Release|Any CPU.Build.0 = Release|Any CPU
	EndGlobalSection
	GlobalSection(SolutionProperties) = preSolution
		HideSolutionNode = FALSE
	EndGlobalSection
	GlobalSection(ExtensibilityGlobals) = postSolution
		SolutionGuid = {064A9B35-D245-4C22-B8A6-3ED182A5BE68}
	EndGlobalSection
EndGlobal
